
Microsoft Visual Studio Solution File, Format Version 12.00
# Visual Studio Version 16
VisualStudioVersion = 16.0.30907.101
MinimumVisualStudioVersion = 10.0.40219.1
Project("{FAE04EC0-301F-11D3-BF4B-00C04F79EFBC}") = "UnitConverter", "UnitConverter\UnitConverter.csproj", "{D1BC8BC1-EFBD-4E66-BF91-F8ADF14A5ACC}"
EndProject
Global
	GlobalSection(SolutionConfigurationPlatforms) = preSolution
		Debug|Any CPU = Debug|Any CPU
		Release|Any CPU = Release|Any CPU
	EndGlobalSection
	GlobalSection(ProjectConfigurationPlatforms) = postSolution
		{D1BC8BC1-EFBD-4E66-BF91-F8ADF14A5ACC}.Debug|Any CPU.ActiveCfg = Debug|Any CPU
		{D1BC8BC1-EFBD-4E66-BF91-F8ADF14A5ACC}.Debug|Any CPU.Build.0 = Debug|Any CPU
		{D1BC8BC1-EFBD-4E66-BF91-F8ADF14A5ACC}.Release|Any CPU.ActiveCfg = Release|Any CPU
		{D1BC8BC1-EFBD-4E66-BF91-F8ADF14A5ACC}.Release|Any CPU.Build.0 = Release|Any CPU
	EndGlobalSection
	GlobalSection(SolutionProperties) = preSolution
		HideSolutionNode = FALSE
	EndGlobalSection
	GlobalSection(ExtensibilityGlobals) = postSolution
		SolutionGuid = {2035F8DD-0034-4F60-BBFA-19B7F953C0FF}
	EndGlobalSection
EndGlobal
